
Microsoft Visual Studio Solution File, Format Version 12.00
# Visual Studio Version 17
VisualStudioVersion = 17.8.34525.116
MinimumVisualStudioVersion = 10.0.40219.1
Project("{FAE04EC0-301F-11D3-BF4B-00C04F79EFBC}") = "MovieManagementSystem", "MovieManagementSystem\MovieManagementSystem.csproj", "{708FDA25-B2F4-41BF-BD7D-5D008E3217BF}"
EndProject
Global
	GlobalSection(SolutionConfigurationPlatforms) = preSolution
		Debug|Any CPU = Debug|Any CPU
		Release|Any CPU = Release|Any CPU
	EndGlobalSection
	GlobalSection(ProjectConfigurationPlatforms) = postSolution
		{708FDA25-B2F4-41BF-BD7D-5D008E3217BF}.Debug|Any CPU.ActiveCfg = Debug|Any CPU
		{708FDA25-B2F4-41BF-BD7D-5D008E3217BF}.Debug|Any CPU.Build.0 = Debug|Any CPU
		{708FDA25-B2F4-41BF-BD7D-5D008E3217BF}.Release|Any CPU.ActiveCfg = Release|Any CPU
		{708FDA25-B2F4-41BF-BD7D-5D008E3217BF}.Release|Any CPU.Build.0 = Release|Any CPU
	EndGlobalSection
	GlobalSection(SolutionProperties) = preSolution
		HideSolutionNode = FALSE
	EndGlobalSection
	GlobalSection(ExtensibilityGlobals) = postSolution
		SolutionGuid = {FD408E4E-0D47-49F9-92A2-199799D0FD2A}
	EndGlobalSection
EndGlobal
